
Microsoft Visual Studio Solution File, Format Version 12.00
# Visual Studio Version 17
VisualStudioVersion = 17.0.32126.317
MinimumVisualStudioVersion = 10.0.40219.1
Project("{9A19103F-16F7-4668-BE54-9A1E7A4F7556}") = "Api", "src\Api\Api.csproj", "{85669F17-A24C-4DDC-A18B-A7695A536812}"
EndProject
Project("{9A19103F-16F7-4668-BE54-9A1E7A4F7556}") = "Domain", "src\Domain\Domain.csproj", "{3E887821-343F-4058-9AFE-8F6B3CA69980}"
EndProject
Project("{9A19103F-16F7-4668-BE54-9A1E7A4F7556}") = "Infrastructure", "src\Infrastructure\Infrastructure.csproj", "{7F0871AF-4EF5-4BA4-84BE-744B063BCEBA}"
EndProject
Project("{9A19103F-16F7-4668-BE54-9A1E7A4F7556}") = "Doc", "src\Doc\Doc.csproj", "{E7BA21D1-7AD8-4502-80E4-FE308F701982}"
EndProject
Project("{9A19103F-16F7-4668-BE54-9A1E7A4F7556}") = "Test", "src\Test\Test.csproj", "{A99A9DE9-ECBA-4FAD-9178-38CA72F7E684}"
EndProject
Global
	GlobalSection(SolutionConfigurationPlatforms) = preSolution
		Debug|Any CPU = Debug|Any CPU
		Release|Any CPU = Release|Any CPU
	EndGlobalSection
	GlobalSection(ProjectConfigurationPlatforms) = postSolution
		{85669F17-A24C-4DDC-A18B-A7695A536812}.Debug|Any CPU.ActiveCfg = Debug|Any CPU
		{85669F17-A24C-4DDC-A18B-A7695A536812}.Debug|Any CPU.Build.0 = Debug|Any CPU
		{85669F17-A24C-4DDC-A18B-A7695A536812}.Release|Any CPU.ActiveCfg = Release|Any CPU
		{85669F17-A24C-4DDC-A18B-A7695A536812}.Release|Any CPU.Build.0 = Release|Any CPU
		{3E887821-343F-4058-9AFE-8F6B3CA69980}.Debug|Any CPU.ActiveCfg = Debug|Any CPU
		{3E887821-343F-4058-9AFE-8F6B3CA69980}.Debug|Any CPU.Build.0 = Debug|Any CPU
		{3E887821-343F-4058-9AFE-8F6B3CA69980}.Release|Any CPU.ActiveCfg = Release|Any CPU
		{3E887821-343F-4058-9AFE-8F6B3CA69980}.Release|Any CPU.Build.0 = Release|Any CPU
		{7F0871AF-4EF5-4BA4-84BE-744B063BCEBA}.Debug|Any CPU.ActiveCfg = Debug|Any CPU
		{7F0871AF-4EF5-4BA4-84BE-744B063BCEBA}.Debug|Any CPU.Build.0 = Debug|Any CPU
		{7F0871AF-4EF5-4BA4-84BE-744B063BCEBA}.Release|Any CPU.ActiveCfg = Release|Any CPU
		{7F0871AF-4EF5-4BA4-84BE-744B063BCEBA}.Release|Any CPU.Build.0 = Release|Any CPU
		{E7BA21D1-7AD8-4502-80E4-FE308F701982}.Debug|Any CPU.ActiveCfg = Debug|Any CPU
		{E7BA21D1-7AD8-4502-80E4-FE308F701982}.Debug|Any CPU.Build.0 = Debug|Any CPU
		{E7BA21D1-7AD8-4502-80E4-FE308F701982}.Release|Any CPU.ActiveCfg = Release|Any CPU
		{E7BA21D1-7AD8-4502-80E4-FE308F701982}.Release|Any CPU.Build.0 = Release|Any CPU
		{A99A9DE9-ECBA-4FAD-9178-38CA72F7E684}.Debug|Any CPU.ActiveCfg = Debug|Any CPU
		{A99A9DE9-ECBA-4FAD-9178-38CA72F7E684}.Debug|Any CPU.Build.0 = Debug|Any CPU
		{A99A9DE9-ECBA-4FAD-9178-38CA72F7E684}.Release|Any CPU.ActiveCfg = Release|Any CPU
		{A99A9DE9-ECBA-4FAD-9178-38CA72F7E684}.Release|Any CPU.Build.0 = Release|Any CPU
	EndGlobalSection
	GlobalSection(SolutionProperties) = preSolution
		HideSolutionNode = FALSE
	EndGlobalSection
	GlobalSection(ExtensibilityGlobals) = postSolution
		SolutionGuid = {529BD795-8B99-44AA-AD51-0282B1886121}
	EndGlobalSection
EndGlobal
